{
  "name": "horarios 21b",
  "lockfileVersion": 3,
  "requires": true,
  "packages": {
    "": {
      "dependencies": {
        "zero-md": "^2.5.2"
      }
    },
    "node_modules/zero-md": {
      "version": "2.5.2",
      "resolved": "https://registry.npmjs.org/zero-md/-/zero-md-2.5.2.tgz",
      "integrity": "sha512-XIiDka46+T+3U4AdM9ZpfsU+XSjfkcaF+EineT+genSP4eoTRHigWxPD4McrCjcS3Koismt8KQFslYa4EKePQA==",
      "engines": {
        "node": "^12.20.0 || ^14.13.1 || >=16.0.0"
      }
    }
  }
}
